
Microsoft Visual Studio Solution File, Format Version 12.00
# Visual Studio Version 17
VisualStudioVersion = 17.0.32112.339
MinimumVisualStudioVersion = 10.0.40219.1
Project("{FAE04EC0-301F-11D3-BF4B-00C04F79EFBC}") = "Shapes", "Interfaces and Abstraction\Shapes.csproj", "{D04BB004-0143-4BBF-8BFF-55A52FC99C9E}"
EndProject
Project("{FAE04EC0-301F-11D3-BF4B-00C04F79EFBC}") = "Cars", "Cars\Cars.csproj", "{5884DC2D-04CB-4279-A5FF-09FFBA55EA89}"
EndProject
Global
	GlobalSection(SolutionConfigurationPlatforms) = preSolution
		Debug|Any CPU = Debug|Any CPU
		Release|Any CPU = Release|Any CPU
	EndGlobalSection
	GlobalSection(ProjectConfigurationPlatforms) = postSolution
		{D04BB004-0143-4BBF-8BFF-55A52FC99C9E}.Debug|Any CPU.ActiveCfg = Debug|Any CPU
		{D04BB004-0143-4BBF-8BFF-55A52FC99C9E}.Debug|Any CPU.Build.0 = Debug|Any CPU
		{D04BB004-0143-4BBF-8BFF-55A52FC99C9E}.Release|Any CPU.ActiveCfg = Release|Any CPU
		{D04BB004-0143-4BBF-8BFF-55A52FC99C9E}.Release|Any CPU.Build.0 = Release|Any CPU
		{5884DC2D-04CB-4279-A5FF-09FFBA55EA89}.Debug|Any CPU.ActiveCfg = Debug|Any CPU
		{5884DC2D-04CB-4279-A5FF-09FFBA55EA89}.Debug|Any CPU.Build.0 = Debug|Any CPU
		{5884DC2D-04CB-4279-A5FF-09FFBA55EA89}.Release|Any CPU.ActiveCfg = Release|Any CPU
		{5884DC2D-04CB-4279-A5FF-09FFBA55EA89}.Release|Any CPU.Build.0 = Release|Any CPU
	EndGlobalSection
	GlobalSection(SolutionProperties) = preSolution
		HideSolutionNode = FALSE
	EndGlobalSection
	GlobalSection(ExtensibilityGlobals) = postSolution
		SolutionGuid = {417651B1-67DC-4C1D-8834-D33B0B211DB4}
	EndGlobalSection
EndGlobal
