
Microsoft Visual Studio Solution File, Format Version 12.00
# Visual Studio Version 17
VisualStudioVersion = 17.0.32112.339
MinimumVisualStudioVersion = 10.0.40219.1
Project("{FAE04EC0-301F-11D3-BF4B-00C04F79EFBC}") = "Operations", "Polymorphism\Operations.csproj", "{84440B35-EB27-45CB-ABC0-4E0C334774D1}"
EndProject
Project("{FAE04EC0-301F-11D3-BF4B-00C04F79EFBC}") = "Animals", "Animals\Animals.csproj", "{62BC8306-75AC-479C-AA87-6F7B22791197}"
EndProject
Global
	GlobalSection(SolutionConfigurationPlatforms) = preSolution
		Debug|Any CPU = Debug|Any CPU
		Release|Any CPU = Release|Any CPU
	EndGlobalSection
	GlobalSection(ProjectConfigurationPlatforms) = postSolution
		{84440B35-EB27-45CB-ABC0-4E0C334774D1}.Debug|Any CPU.ActiveCfg = Debug|Any CPU
		{84440B35-EB27-45CB-ABC0-4E0C334774D1}.Debug|Any CPU.Build.0 = Debug|Any CPU
		{84440B35-EB27-45CB-ABC0-4E0C334774D1}.Release|Any CPU.ActiveCfg = Release|Any CPU
		{84440B35-EB27-45CB-ABC0-4E0C334774D1}.Release|Any CPU.Build.0 = Release|Any CPU
		{62BC8306-75AC-479C-AA87-6F7B22791197}.Debug|Any CPU.ActiveCfg = Debug|Any CPU
		{62BC8306-75AC-479C-AA87-6F7B22791197}.Debug|Any CPU.Build.0 = Debug|Any CPU
		{62BC8306-75AC-479C-AA87-6F7B22791197}.Release|Any CPU.ActiveCfg = Release|Any CPU
		{62BC8306-75AC-479C-AA87-6F7B22791197}.Release|Any CPU.Build.0 = Release|Any CPU
	EndGlobalSection
	GlobalSection(SolutionProperties) = preSolution
		HideSolutionNode = FALSE
	EndGlobalSection
	GlobalSection(ExtensibilityGlobals) = postSolution
		SolutionGuid = {D87331EF-8492-4D57-8AA2-AF8B34C8AC2A}
	EndGlobalSection
EndGlobal
